
Microsoft Visual Studio Solution File, Format Version 12.00
# Visual Studio Version 17
VisualStudioVersion = 17.3.32929.385
MinimumVisualStudioVersion = 10.0.40219.1
Project("{9A19103F-16F7-4668-BE54-9A1E7A4F7556}") = "DocumentsDataInfo", "Documents\DocumentsDataInfo.csproj", "{6825FEAC-80BB-4707-ACD6-2E992831D48A}"
EndProject
Project("{9A19103F-16F7-4668-BE54-9A1E7A4F7556}") = "CodeDocumentation.UI", "CodeDocumentation.UI\CodeDocumentation.UI.csproj", "{513F558D-9F4E-4BA2-BF5E-24E13BC8023F}"
EndProject
Global
	GlobalSection(SolutionConfigurationPlatforms) = preSolution
		Debug|Any CPU = Debug|Any CPU
		Release|Any CPU = Release|Any CPU
	EndGlobalSection
	GlobalSection(ProjectConfigurationPlatforms) = postSolution
		{6825FEAC-80BB-4707-ACD6-2E992831D48A}.Debug|Any CPU.ActiveCfg = Debug|Any CPU
		{6825FEAC-80BB-4707-ACD6-2E992831D48A}.Debug|Any CPU.Build.0 = Debug|Any CPU
		{6825FEAC-80BB-4707-ACD6-2E992831D48A}.Release|Any CPU.ActiveCfg = Release|Any CPU
		{6825FEAC-80BB-4707-ACD6-2E992831D48A}.Release|Any CPU.Build.0 = Release|Any CPU
		{513F558D-9F4E-4BA2-BF5E-24E13BC8023F}.Debug|Any CPU.ActiveCfg = Debug|Any CPU
		{513F558D-9F4E-4BA2-BF5E-24E13BC8023F}.Debug|Any CPU.Build.0 = Debug|Any CPU
		{513F558D-9F4E-4BA2-BF5E-24E13BC8023F}.Release|Any CPU.ActiveCfg = Release|Any CPU
		{513F558D-9F4E-4BA2-BF5E-24E13BC8023F}.Release|Any CPU.Build.0 = Release|Any CPU
	EndGlobalSection
	GlobalSection(SolutionProperties) = preSolution
		HideSolutionNode = FALSE
	EndGlobalSection
	GlobalSection(ExtensibilityGlobals) = postSolution
		SolutionGuid = {DC705D05-5635-48BC-BA0F-CA5F802F8BC5}
	EndGlobalSection
EndGlobal
